// !$*UTF8*$!
{
	archiveVersion = 1;
	classes = {
	};
	objectVersion = 46;
	objects = {

/* Begin PBXBuildFile section */
		B7B663BD1F2EF470007E131B /* AppDelegate.swift in Sources */ = {isa = PBXBuildFile; fileRef = B7B663BC1F2EF470007E131B /* AppDelegate.swift */; };
		B7B663BF1F2EF470007E131B /* ViewController.swift in Sources */ = {isa = PBXBuildFile; fileRef = B7B663BE1F2EF470007E131B /* ViewController.swift */; };
		B7B663C21F2EF470007E131B /* Main.storyboard in Resources */ = {isa = PBXBuildFile; fileRef = B7B663C01F2EF470007E131B /* Main.storyboard */; };
		B7B663C41F2EF470007E131B /* Assets.xcassets in Resources */ = {isa = PBXBuildFile; fileRef = B7B663C31F2EF470007E131B /* Assets.xcassets */; };
		B7B663C71F2EF470007E131B /* LaunchScreen.storyboard in Resources */ = {isa = PBXBuildFile; fileRef = B7B663C51F2EF470007E131B /* LaunchScreen.storyboard */; };
/* End PBXBuildFile section */

/* Begin PBXFileReference section */
		B7B663B91F2EF470007E131B /* AdaptiveDemo.app */ = {isa = PBXFileReference; explicitFileType = wrapper.application; includeInIndex = 0; path = AdaptiveDemo.app; sourceTree = BUILT_PRODUCTS_DIR; };
		B7B663BC1F2EF470007E131B /* AppDelegate.swift */ = {isa = PBXFileReference; lastKnownFileType = sourcecode.swift; path = AppDelegate.swift; sourceTree = "<group>"; };
		B7B663BE1F2EF470007E131B /* ViewController.swift */ = {isa = PBXFileReference; lastKnownFileType = sourcecode.swift; path = ViewController.swift; sourceTree = "<group>"; };
		B7B663C11F2EF470007E131B /* Base */ = {isa = PBXFileReference; lastKnownFileType = file.storyboard; name = Base; path = Base.lproj/Main.storyboard; sourceTree = "<group>"; };
		B7B663C31F2EF470007E131B /* Assets.xcassets */ = {isa = PBXFileReference; lastKnownFileType = folder.assetcatalog; path = Assets.xcassets; sourceTree = "<group>"; };
		B7B663C61F2EF470007E131B /* Base */ = {isa = PBXFileReference; lastKnownFileType = file.storyboard; name = Base; path = Base.lproj/LaunchScreen.storyboard; sourceTree = "<group>"; };
		B7B663C81F2EF470007E131B /* Info.plist */ = {isa = PBXFileReference; lastKnownFileType = text.plist.xml; path = Info.plist; sourceTree = "<group>"; };
/* End PBXFileReference section */

/* Begin PBXFrameworksBuildPhase section */
		B7B663B61F2EF470007E131B /* Frameworks */ = {
			isa = PBXFrameworksBuildPhase;
			buildActionMask = 2147483647;
			files = (
			);
			runOnlyForDeploymentPostprocessing = 0;
		};
/* End PBXFrameworksBuildPhase section */

/* Begin PBXGroup section */
		B7B663B01F2EF470007E131B = {
			isa = PBXGroup;
			children = (
				B7B663BB1F2EF470007E131B /* AdaptiveDemo */,
				B7B663BA1F2EF470007E131B /* Products */,
			);
			sourceTree = "<group>";
		};
		B7B663BA1F2EF470007E131B /* Products */ = {
			isa = PBXGroup;
			children = (
				B7B663B91F2EF470007E131B /* AdaptiveDemo.app */,
			);
			name = Products;
			sourceTree = "<group>";
		};
		B7B663BB1F2EF470007E131B /* AdaptiveDemo */ = {
			isa = PBXGroup;
			children = (
				B7B663BC1F2EF470007E131B /* AppDelegate.swift */,
				B7B663BE1F2EF470007E131B /* ViewController.swift */,
				B7B663C01F2EF470007E131B /* Main.storyboard */,
				B7B663C31F2EF470007E131B /* Assets.xcassets */,
				B7B663C51F2EF470007E131B /* LaunchScreen.storyboard */,
				B7B663C81F2EF470007E131B /* Info.plist */,
			);
			path = AdaptiveDemo;
			sourceTree = "<group>";
		};
/* End PBXGroup section */

/* Begin PBXNativeTarget section */
		B7B663B81F2EF470007E131B /* AdaptiveDemo */ = {
			isa = PBXNativeTarget;
			buildConfigurationList = B7B663CB1F2EF470007E131B /* Build configuration list for PBXNativeTarget "AdaptiveDemo" */;
			buildPhases = (
				B7B663B51F2EF470007E131B /* Sources */,
				B7B663B61F2EF470007E131B /* Frameworks */,
				B7B663B71F2EF470007E131B /* Resources */,
			);
			buildRules = (
			);
			dependencies = (
			);
			name = AdaptiveDemo;
			productName = AdaptiveDemo;
			productReference = B7B663B91F2EF470007E131B /* AdaptiveDemo.app */;
			productType = "com.apple.product-type.application";
		};
/* End PBXNativeTarget section */

/* Begin PBXProject section */
		B7B663B11F2EF470007E131B /* Project object */ = {
			isa = PBXProject;
			attributes = {
				LastSwiftUpdateCheck = 0830;
				LastUpgradeCheck = 0830;
				ORGANIZATIONNAME = "Fomin Mykola";
				TargetAttributes = {
					B7B663B81F2EF470007E131B = {
						CreatedOnToolsVersion = 8.3.3;
						DevelopmentTeam = X3563PB3YJ;
						ProvisioningStyle = Automatic;
					};
				};
			};
			buildConfigurationList = B7B663B41F2EF470007E131B /* Build configuration list for PBXProject "AdaptiveDemo" */;
			compatibilityVersion = "Xcode 3.2";
			developmentRegion = English;
			hasScannedForEncodings = 0;
			knownRegions = (
				en,
				Base,
			);
			mainGroup = B7B663B01F2EF470007E131B;
			productRefGroup = B7B663BA1F2EF470007E131B /* Products */;
			projectDirPath = "";
			projectRoot = "";
			targets = (
				B7B663B81F2EF470007E131B /* AdaptiveDemo */,
			);
		};
/* End PBXProject section */

/* Begin PBXResourcesBuildPhase section */
		B7B663B71F2EF470007E131B /* Resources */ = {
			isa = PBXResourcesBuildPhase;
			buildActionMask = 2147483647;
			files = (
				B7B663C71F2EF470007E131B /* LaunchScreen.storyboard in Resources */,
				B7B663C41F2EF470007E131B /* Assets.xcassets in Resources */,
				B7B663C21F2EF470007E131B /* Main.storyboard in Resources */,
			);
			runOnlyForDeploymentPostprocessing = 0;
		};
/* End PBXResourcesBuildPhase section */

/* Begin PBXSourcesBuildPhase section */
		B7B663B51F2EF470007E131B /* Sources */ = {
			isa = PBXSourcesBuildPhase;
			buildActionMask = 2147483647;
			files = (
				B7B663BF1F2EF470007E131B /* ViewController.swift in Sources */,
				B7B663BD1F2EF470007E131B /* AppDelegate.swift in Sources */,
			);
			runOnlyForDeploymentPostprocessing = 0;
		};
/* End PBXSourcesBuildPhase section */

/* Begin PBXVariantGroup section */
		B7B663C01F2EF470007E131B /* Main.storyboard */ = {
			isa = PBXVariantGroup;
			children = (
				B7B663C11F2EF470007E131B /* Base */,
			);
			name = Main.storyboard;
			sourceTree = "<group>";
		};
		B7B663C51F2EF470007E131B /* LaunchScreen.storyboard */ = {
			isa = PBXVariantGroup;
			children = (
				B7B663C61F2EF470007E131B /* Base */,
			);
			name = LaunchScreen.storyboard;
			sourceTree = "<group>";
		};
/* End PBXVariantGroup section */

/* Begin XCBuildConfiguration section */
		B7B663C91F2EF470007E131B /* Debug */ = {
			isa = XCBuildConfiguration;
			buildSettings = {
				ALWAYS_SEARCH_USER_PATHS = NO;
				CLANG_ANALYZER_NONNULL = YES;
				CLANG_ANALYZER_NUMBER_OBJECT_CONVERSION = YES_AGGRESSIVE;
				CLANG_CXX_LANGUAGE_STANDARD = "gnu++0x";
				CLANG_CXX_LIBRARY = "libc++";
				CLANG_ENABLE_MODULES = YES;
				CLANG_ENABLE_OBJC_ARC = YES;
				CLANG_WARN_BOOL_CONVERSION = YES;
				CLANG_WARN_CONSTANT_CONVERSION = YES;
				CLANG_WARN_DIRECT_OBJC_ISA_USAGE = YES_ERROR;
				CLANG_WARN_DOCUMENTATION_COMMENTS = YES;
				CLANG_WARN_EMPTY_BODY = YES;
				CLANG_WARN_ENUM_CONVERSION = YES;
				CLANG_WARN_INFINITE_RECURSION = YES;
				CLANG_WARN_INT_CONVERSION = YES;
				CLANG_WARN_OBJC_ROOT_CLASS = YES_ERROR;
				CLANG_WARN_SUSPICIOUS_MOVE = YES;
				CLANG_WARN_UNREACHABLE_CODE = YES;
				CLANG_WARN__DUPLICATE_METHOD_MATCH = YES;
				"CODE_SIGN_IDENTITY[sdk=iphoneos*]" = "iPhone Developer";
				COPY_PHASE_STRIP = NO;
				DEBUG_INFORMATION_FORMAT = dwarf;
				ENABLE_STRICT_OBJC_MSGSEND = YES;
				ENABLE_TESTABILITY = YES;
				GCC_C_LANGUAGE_STANDARD = gnu99;
				GCC_DYNAMIC_NO_PIC = NO;
				GCC_NO_COMMON_BLOCKS = YES;
				GCC_OPTIMIZATION_LEVEL = 0;
				GCC_PREPROCESSOR_DEFINITIONS = (
					"DEBUG=1",
					"$(inherited)",
				);
				GCC_WARN_64_TO_32_BIT_CONVERSION = YES;
				GCC_WARN_ABOUT_RETURN_TYPE = YES_ERROR;
				GCC_WARN_UNDECLARED_SELECTOR = YES;
				GCC_WARN_UNINITIALIZED_AUTOS = YES_AGGRESSIVE;
				GCC_WARN_UNUSED_FUNCTION = YES;
				GCC_WARN_UNUSED_VARIABLE = YES;
				IPHONEOS_DEPLOYMENT_TARGET = 10.3;
				MTL_ENABLE_DEBUG_INFO = YES;
				ONLY_ACTIVE_ARCH = YES;
				SDKROOT = iphoneos;
				SWIFT_ACTIVE_COMPILATION_CONDITIONS = DEBUG;
				SWIFT_OPTIMIZATION_LEVEL = "-Onone";
				TARGETED_DEVICE_FAMILY = "1,2";
			};
			name = Debug;
		};
		B7B663CA1F2EF470007E131B /* Release */ = {
			isa = XCBuildConfiguration;
			buildSettings = {
				ALWAYS_SEARCH_USER_PATHS = NO;
				CLANG_ANALYZER_NONNULL = YES;
				CLANG_ANALYZER_NUMBER_OBJECT_CONVERSION = YES_AGGRESSIVE;
				CLANG_CXX_LANGUAGE_STANDARD = "gnu++0x";
				CLANG_CXX_LIBRARY = "libc++";
				CLANG_ENABLE_MODULES = YES;
				CLANG_ENABLE_OBJC_ARC = YES;
				CLANG_WARN_BOOL_CONVERSION = YES;
				CLANG_WARN_CONSTANT_CONVERSION = YES;
				CLANG_WARN_DIRECT_OBJC_ISA_USAGE = YES_ERROR;
				CLANG_WARN_DOCUMENTATION_COMMENTS = YES;
				CLANG_WARN_EMPTY_BODY = YES;
				CLANG_WARN_ENUM_CONVERSION = YES;
				CLANG_WARN_INFINITE_RECURSION = YES;
				CLANG_WARN_INT_CONVERSION = YES;
				CLANG_WARN_OBJC_ROOT_CLASS = YES_ERROR;
				CLANG_WARN_SUSPICIOUS_MOVE = YES;
				CLANG_WARN_UNREACHABLE_CODE = YES;
				CLANG_WARN__DUPLICATE_METHOD_MATCH = YES;
				"CODE_SIGN_IDENTITY[sdk=iphoneos*]" = "iPhone Developer";
				COPY_PHASE_STRIP = NO;
				DEBUG_INFORMATION_FORMAT = "dwarf-with-dsym";
				ENABLE_NS_ASSERTIONS = NO;
				ENABLE_STRICT_OBJC_MSGSEND = YES;
				GCC_C_LANGUAGE_STANDARD = gnu99;
				GCC_NO_COMMON_BLOCKS = YES;
				GCC_WARN_64_TO_32_BIT_CONVERSION = YES;
				GCC_WARN_ABOUT_RETURN_TYPE = YES_ERROR;
				GCC_WARN_UNDECLARED_SELECTOR = YES;
				GCC_WARN_UNINITIALIZED_AUTOS = YES_AGGRESSIVE;
				GCC_WARN_UNUSED_FUNCTION = YES;
				GCC_WARN_UNUSED_VARIABLE = YES;
				IPHONEOS_DEPLOYMENT_TARGET = 10.3;
				MTL_ENABLE_DEBUG_INFO = NO;
				SDKROOT = iphoneos;
				SWIFT_OPTIMIZATION_LEVEL = "-Owholemodule";
				TARGETED_DEVICE_FAMILY = "1,2";
				VALIDATE_PRODUCT = YES;
			};
			name = Release;
		};
		B7B663CC1F2EF470007E131B /* Debug */ = {
			isa = XCBuildConfiguration;
			buildSettings = {
				ASSETCATALOG_COMPILER_APPICON_NAME = AppIcon;
				DEVELOPMENT_TEAM = X3563PB3YJ;
				INFOPLIST_FILE = AdaptiveDemo/Info.plist;
				LD_RUNPATH_SEARCH_PATHS = "$(inherited) @executable_path/Frameworks";
				PRODUCT_BUNDLE_IDENTIFIER = giraffe.AdaptiveDemo;
				PRODUCT_NAME = "$(TARGET_NAME)";
				SWIFT_VERSION = 3.0;
			};
			name = Debug;
		};
		B7B663CD1F2EF470007E131B /* Release */ = {
			isa = XCBuildConfiguration;
			buildSettings = {
				ASSETCATALOG_COMPILER_APPICON_NAME = AppIcon;
				DEVELOPMENT_TEAM = X3563PB3YJ;
				INFOPLIST_FILE = AdaptiveDemo/Info.plist;
				LD_RUNPATH_SEARCH_PATHS = "$(inherited) @executable_path/Frameworks";
				PRODUCT_BUNDLE_IDENTIFIER = giraffe.AdaptiveDemo;
				PRODUCT_NAME = "$(TARGET_NAME)";
				SWIFT_VERSION = 3.0;
			};
			name = Release;
		};
/* End XCBuildConfiguration section */

/* Begin XCConfigurationList section */
		B7B663B41F2EF470007E131B /* Build configuration list for PBXProject "AdaptiveDemo" */ = {
			isa = XCConfigurationList;
			buildConfigurations = (
				B7B663C91F2EF470007E131B /* Debug */,
				B7B663CA1F2EF470007E131B /* Release */,
			);
			defaultConfigurationIsVisible = 0;
			defaultConfigurationName = Release;
		};
		B7B663CB1F2EF470007E131B /* Build configuration list for PBXNativeTarget "AdaptiveDemo" */ = {
			isa = XCConfigurationList;
			buildConfigurations = (
				B7B663CC1F2EF470007E131B /* Debug */,
				B7B663CD1F2EF470007E131B /* Release */,
			);
			defaultConfigurationIsVisible = 0;
		};
/* End XCConfigurationList section */
	};
	rootObject = B7B663B11F2EF470007E131B /* Project object */;
}
